
Microsoft Visual Studio Solution File, Format Version 12.00
# Visual Studio 15
VisualStudioVersion = 15.0.28307.705
MinimumVisualStudioVersion = 10.0.40219.1
Project("{FAE04EC0-301F-11D3-BF4B-00C04F79EFBC}") = "hwFacade", "hwFacade\hwFacade.csproj", "{A362FD1D-F4F2-4514-883E-15EDEE1E63A0}"
EndProject
Global
	GlobalSection(SolutionConfigurationPlatforms) = preSolution
		Debug|Any CPU = Debug|Any CPU
		Release|Any CPU = Release|Any CPU
	EndGlobalSection
	GlobalSection(ProjectConfigurationPlatforms) = postSolution
		{A362FD1D-F4F2-4514-883E-15EDEE1E63A0}.Debug|Any CPU.ActiveCfg = Debug|Any CPU
		{A362FD1D-F4F2-4514-883E-15EDEE1E63A0}.Debug|Any CPU.Build.0 = Debug|Any CPU
		{A362FD1D-F4F2-4514-883E-15EDEE1E63A0}.Release|Any CPU.ActiveCfg = Release|Any CPU
		{A362FD1D-F4F2-4514-883E-15EDEE1E63A0}.Release|Any CPU.Build.0 = Release|Any CPU
	EndGlobalSection
	GlobalSection(SolutionProperties) = preSolution
		HideSolutionNode = FALSE
	EndGlobalSection
	GlobalSection(ExtensibilityGlobals) = postSolution
		SolutionGuid = {A576978C-2CAF-4FE4-88BF-7268F29BFE27}
	EndGlobalSection
EndGlobal
